
Microsoft Visual Studio Solution File, Format Version 12.00
# Visual Studio Version 17
VisualStudioVersion = 17.0.31903.59
MinimumVisualStudioVersion = 10.0.40219.1
Project("{FAE04EC0-301F-11D3-BF4B-00C04F79EFBC}") = "BitcoinApp", "BitcoinApp\BitcoinApp.csproj", "{C44FC620-137B-4318-AA8B-10A4900FCEB7}"
EndProject
Global
	GlobalSection(SolutionConfigurationPlatforms) = preSolution
		Debug|Any CPU = Debug|Any CPU
		Release|Any CPU = Release|Any CPU
	EndGlobalSection
	GlobalSection(ProjectConfigurationPlatforms) = postSolution
		{C44FC620-137B-4318-AA8B-10A4900FCEB7}.Debug|Any CPU.ActiveCfg = Debug|Any CPU
		{C44FC620-137B-4318-AA8B-10A4900FCEB7}.Debug|Any CPU.Build.0 = Debug|Any CPU
		{C44FC620-137B-4318-AA8B-10A4900FCEB7}.Release|Any CPU.ActiveCfg = Release|Any CPU
		{C44FC620-137B-4318-AA8B-10A4900FCEB7}.Release|Any CPU.Build.0 = Release|Any CPU
	EndGlobalSection
	GlobalSection(SolutionProperties) = preSolution
		HideSolutionNode = FALSE
	EndGlobalSection
	GlobalSection(ExtensibilityGlobals) = postSolution
		SolutionGuid = {67097791-41EE-4095-B979-0E68FF81A2D3}
	EndGlobalSection
EndGlobal
